// !$*UTF8*$!
{
	archiveVersion = 1;
	classes = {
	};
	objectVersion = 46;
	objects = {

/* Begin PBXBuildFile section */
		8B19D25D1BDA7C0100BFFE00 /* AppDelegate.swift in Sources */ = {isa = PBXBuildFile; fileRef = 8B19D25C1BDA7C0100BFFE00 /* AppDelegate.swift */; };
		8B19D25F1BDA7C0100BFFE00 /* MemeEditorViewController.swift in Sources */ = {isa = PBXBuildFile; fileRef = 8B19D25E1BDA7C0100BFFE00 /* MemeEditorViewController.swift */; };
		8B19D2621BDA7C0100BFFE00 /* Main.storyboard in Resources */ = {isa = PBXBuildFile; fileRef = 8B19D2601BDA7C0100BFFE00 /* Main.storyboard */; };
		8B19D2641BDA7C0100BFFE00 /* Assets.xcassets in Resources */ = {isa = PBXBuildFile; fileRef = 8B19D2631BDA7C0100BFFE00 /* Assets.xcassets */; };
		8B19D2671BDA7C0100BFFE00 /* LaunchScreen.storyboard in Resources */ = {isa = PBXBuildFile; fileRef = 8B19D2651BDA7C0100BFFE00 /* LaunchScreen.storyboard */; };
		8B19D2721BDA7C0100BFFE00 /* Meme_finalTests.swift in Sources */ = {isa = PBXBuildFile; fileRef = 8B19D2711BDA7C0100BFFE00 /* Meme_finalTests.swift */; };
		8B19D27D1BDA7C0100BFFE00 /* Meme_finalUITests.swift in Sources */ = {isa = PBXBuildFile; fileRef = 8B19D27C1BDA7C0100BFFE00 /* Meme_finalUITests.swift */; };
		8B19D28B1BDA819000BFFE00 /* Meme.swift in Sources */ = {isa = PBXBuildFile; fileRef = 8B19D28A1BDA819000BFFE00 /* Meme.swift */; };
		8B19D28D1BDA81A600BFFE00 /* MemeTableViewController.swift in Sources */ = {isa = PBXBuildFile; fileRef = 8B19D28C1BDA81A600BFFE00 /* MemeTableViewController.swift */; };
		8B19D28F1BDA81CD00BFFE00 /* MemeCollectionViewController.swift in Sources */ = {isa = PBXBuildFile; fileRef = 8B19D28E1BDA81CD00BFFE00 /* MemeCollectionViewController.swift */; };
		8B2BBD241BE7A79300E54D0F /* MemeTableViewCell.swift in Sources */ = {isa = PBXBuildFile; fileRef = 8B2BBD231BE7A79300E54D0F /* MemeTableViewCell.swift */; };
		8B2BBD261BE7AFC900E54D0F /* DetailViewController.swift in Sources */ = {isa = PBXBuildFile; fileRef = 8B2BBD251BE7AFC900E54D0F /* DetailViewController.swift */; };
/* End PBXBuildFile section */

/* Begin PBXContainerItemProxy section */
		8B19D26E1BDA7C0100BFFE00 /* PBXContainerItemProxy */ = {
			isa = PBXContainerItemProxy;
			containerPortal = 8B19D2511BDA7C0100BFFE00 /* Project object */;
			proxyType = 1;
			remoteGlobalIDString = 8B19D2581BDA7C0100BFFE00;
			remoteInfo = Meme_final;
		};
		8B19D2791BDA7C0100BFFE00 /* PBXContainerItemProxy */ = {
			isa = PBXContainerItemProxy;
			containerPortal = 8B19D2511BDA7C0100BFFE00 /* Project object */;
			proxyType = 1;
			remoteGlobalIDString = 8B19D2581BDA7C0100BFFE00;
			remoteInfo = Meme_final;
		};
/* End PBXContainerItemProxy section */

/* Begin PBXFileReference section */
		8B19D2591BDA7C0100BFFE00 /* Meme_final.app */ = {isa = PBXFileReference; explicitFileType = wrapper.application; includeInIndex = 0; path = Meme_final.app; sourceTree = BUILT_PRODUCTS_DIR; };
		8B19D25C1BDA7C0100BFFE00 /* AppDelegate.swift */ = {isa = PBXFileReference; lastKnownFileType = sourcecode.swift; path = AppDelegate.swift; sourceTree = "<group>"; };
		8B19D25E1BDA7C0100BFFE00 /* MemeEditorViewController.swift */ = {isa = PBXFileReference; lastKnownFileType = sourcecode.swift; path = MemeEditorViewController.swift; sourceTree = "<group>"; };
		8B19D2611BDA7C0100BFFE00 /* Base */ = {isa = PBXFileReference; lastKnownFileType = file.storyboard; name = Base; path = Base.lproj/Main.storyboard; sourceTree = "<group>"; };
		8B19D2631BDA7C0100BFFE00 /* Assets.xcassets */ = {isa = PBXFileReference; lastKnownFileType = folder.assetcatalog; path = Assets.xcassets; sourceTree = "<group>"; };
		8B19D2661BDA7C0100BFFE00 /* Base */ = {isa = PBXFileReference; lastKnownFileType = file.storyboard; name = Base; path = Base.lproj/LaunchScreen.storyboard; sourceTree = "<group>"; };
		8B19D2681BDA7C0100BFFE00 /* Info.plist */ = {isa = PBXFileReference; lastKnownFileType = text.plist.xml; path = Info.plist; sourceTree = "<group>"; };
		8B19D26D1BDA7C0100BFFE00 /* Meme_finalTests.xctest */ = {isa = PBXFileReference; explicitFileType = wrapper.cfbundle; includeInIndex = 0; path = Meme_finalTests.xctest; sourceTree = BUILT_PRODUCTS_DIR; };
		8B19D2711BDA7C0100BFFE00 /* Meme_finalTests.swift */ = {isa = PBXFileReference; lastKnownFileType = sourcecode.swift; path = Meme_finalTests.swift; sourceTree = "<group>"; };
		8B19D2731BDA7C0100BFFE00 /* Info.plist */ = {isa = PBXFileReference; lastKnownFileType = text.plist.xml; path = Info.plist; sourceTree = "<group>"; };
		8B19D2781BDA7C0100BFFE00 /* Meme_finalUITests.xctest */ = {isa = PBXFileReference; explicitFileType = wrapper.cfbundle; includeInIndex = 0; path = Meme_finalUITests.xctest; sourceTree = BUILT_PRODUCTS_DIR; };
		8B19D27C1BDA7C0100BFFE00 /* Meme_finalUITests.swift */ = {isa = PBXFileReference; lastKnownFileType = sourcecode.swift; path = Meme_finalUITests.swift; sourceTree = "<group>"; };
		8B19D27E1BDA7C0100BFFE00 /* Info.plist */ = {isa = PBXFileReference; lastKnownFileType = text.plist.xml; path = Info.plist; sourceTree = "<group>"; };
		8B19D28A1BDA819000BFFE00 /* Meme.swift */ = {isa = PBXFileReference; fileEncoding = 4; lastKnownFileType = sourcecode.swift; path = Meme.swift; sourceTree = "<group>"; };
		8B19D28C1BDA81A600BFFE00 /* MemeTableViewController.swift */ = {isa = PBXFileReference; fileEncoding = 4; lastKnownFileType = sourcecode.swift; path = MemeTableViewController.swift; sourceTree = "<group>"; };
		8B19D28E1BDA81CD00BFFE00 /* MemeCollectionViewController.swift */ = {isa = PBXFileReference; fileEncoding = 4; lastKnownFileType = sourcecode.swift; path = MemeCollectionViewController.swift; sourceTree = "<group>"; };
		8B2BBD231BE7A79300E54D0F /* MemeTableViewCell.swift */ = {isa = PBXFileReference; fileEncoding = 4; lastKnownFileType = sourcecode.swift; path = MemeTableViewCell.swift; sourceTree = "<group>"; };
		8B2BBD251BE7AFC900E54D0F /* DetailViewController.swift */ = {isa = PBXFileReference; fileEncoding = 4; lastKnownFileType = sourcecode.swift; path = DetailViewController.swift; sourceTree = "<group>"; };
/* End PBXFileReference section */

/* Begin PBXFrameworksBuildPhase section */
		8B19D2561BDA7C0100BFFE00 /* Frameworks */ = {
			isa = PBXFrameworksBuildPhase;
			buildActionMask = 2147483647;
			files = (
			);
			runOnlyForDeploymentPostprocessing = 0;
		};
		8B19D26A1BDA7C0100BFFE00 /* Frameworks */ = {
			isa = PBXFrameworksBuildPhase;
			buildActionMask = 2147483647;
			files = (
			);
			runOnlyForDeploymentPostprocessing = 0;
		};
		8B19D2751BDA7C0100BFFE00 /* Frameworks */ = {
			isa = PBXFrameworksBuildPhase;
			buildActionMask = 2147483647;
			files = (
			);
			runOnlyForDeploymentPostprocessing = 0;
		};
/* End PBXFrameworksBuildPhase section */

/* Begin PBXGroup section */
		8B19D2501BDA7C0100BFFE00 = {
			isa = PBXGroup;
			children = (
				8B19D25B1BDA7C0100BFFE00 /* Meme_final */,
				8B19D2701BDA7C0100BFFE00 /* Meme_finalTests */,
				8B19D27B1BDA7C0100BFFE00 /* Meme_finalUITests */,
				8B19D25A1BDA7C0100BFFE00 /* Products */,
			);
			sourceTree = "<group>";
		};
		8B19D25A1BDA7C0100BFFE00 /* Products */ = {
			isa = PBXGroup;
			children = (
				8B19D2591BDA7C0100BFFE00 /* Meme_final.app */,
				8B19D26D1BDA7C0100BFFE00 /* Meme_finalTests.xctest */,
				8B19D2781BDA7C0100BFFE00 /* Meme_finalUITests.xctest */,
			);
			name = Products;
			sourceTree = "<group>";
		};
		8B19D25B1BDA7C0100BFFE00 /* Meme_final */ = {
			isa = PBXGroup;
			children = (
				8B19D28A1BDA819000BFFE00 /* Meme.swift */,
				8B19D25C1BDA7C0100BFFE00 /* AppDelegate.swift */,
				8B19D28C1BDA81A600BFFE00 /* MemeTableViewController.swift */,
				8B2BBD231BE7A79300E54D0F /* MemeTableViewCell.swift */,
				8B19D28E1BDA81CD00BFFE00 /* MemeCollectionViewController.swift */,
				8B19D25E1BDA7C0100BFFE00 /* MemeEditorViewController.swift */,
				8B19D2601BDA7C0100BFFE00 /* Main.storyboard */,
				8B19D2631BDA7C0100BFFE00 /* Assets.xcassets */,
				8B19D2651BDA7C0100BFFE00 /* LaunchScreen.storyboard */,
				8B19D2681BDA7C0100BFFE00 /* Info.plist */,
				8B2BBD251BE7AFC900E54D0F /* DetailViewController.swift */,
			);
			path = Meme_final;
			sourceTree = "<group>";
		};
		8B19D2701BDA7C0100BFFE00 /* Meme_finalTests */ = {
			isa = PBXGroup;
			children = (
				8B19D2711BDA7C0100BFFE00 /* Meme_finalTests.swift */,
				8B19D2731BDA7C0100BFFE00 /* Info.plist */,
			);
			path = Meme_finalTests;
			sourceTree = "<group>";
		};
		8B19D27B1BDA7C0100BFFE00 /* Meme_finalUITests */ = {
			isa = PBXGroup;
			children = (
				8B19D27C1BDA7C0100BFFE00 /* Meme_finalUITests.swift */,
				8B19D27E1BDA7C0100BFFE00 /* Info.plist */,
			);
			path = Meme_finalUITests;
			sourceTree = "<group>";
		};
/* End PBXGroup section */

/* Begin PBXNativeTarget section */
		8B19D2581BDA7C0100BFFE00 /* Meme_final */ = {
			isa = PBXNativeTarget;
			buildConfigurationList = 8B19D2811BDA7C0100BFFE00 /* Build configuration list for PBXNativeTarget "Meme_final" */;
			buildPhases = (
				8B19D2551BDA7C0100BFFE00 /* Sources */,
				8B19D2561BDA7C0100BFFE00 /* Frameworks */,
				8B19D2571BDA7C0100BFFE00 /* Resources */,
			);
			buildRules = (
			);
			dependencies = (
			);
			name = Meme_final;
			productName = Meme_final;
			productReference = 8B19D2591BDA7C0100BFFE00 /* Meme_final.app */;
			productType = "com.apple.product-type.application";
		};
		8B19D26C1BDA7C0100BFFE00 /* Meme_finalTests */ = {
			isa = PBXNativeTarget;
			buildConfigurationList = 8B19D2841BDA7C0100BFFE00 /* Build configuration list for PBXNativeTarget "Meme_finalTests" */;
			buildPhases = (
				8B19D2691BDA7C0100BFFE00 /* Sources */,
				8B19D26A1BDA7C0100BFFE00 /* Frameworks */,
				8B19D26B1BDA7C0100BFFE00 /* Resources */,
			);
			buildRules = (
			);
			dependencies = (
				8B19D26F1BDA7C0100BFFE00 /* PBXTargetDependency */,
			);
			name = Meme_finalTests;
			productName = Meme_finalTests;
			productReference = 8B19D26D1BDA7C0100BFFE00 /* Meme_finalTests.xctest */;
			productType = "com.apple.product-type.bundle.unit-test";
		};
		8B19D2771BDA7C0100BFFE00 /* Meme_finalUITests */ = {
			isa = PBXNativeTarget;
			buildConfigurationList = 8B19D2871BDA7C0100BFFE00 /* Build configuration list for PBXNativeTarget "Meme_finalUITests" */;
			buildPhases = (
				8B19D2741BDA7C0100BFFE00 /* Sources */,
				8B19D2751BDA7C0100BFFE00 /* Frameworks */,
				8B19D2761BDA7C0100BFFE00 /* Resources */,
			);
			buildRules = (
			);
			dependencies = (
				8B19D27A1BDA7C0100BFFE00 /* PBXTargetDependency */,
			);
			name = Meme_finalUITests;
			productName = Meme_finalUITests;
			productReference = 8B19D2781BDA7C0100BFFE00 /* Meme_finalUITests.xctest */;
			productType = "com.apple.product-type.bundle.ui-testing";
		};
/* End PBXNativeTarget section */

/* Begin PBXProject section */
		8B19D2511BDA7C0100BFFE00 /* Project object */ = {
			isa = PBXProject;
			attributes = {
				LastSwiftUpdateCheck = 0710;
				LastUpgradeCheck = 0710;
				ORGANIZATIONNAME = "greymatter-home";
				TargetAttributes = {
					8B19D2581BDA7C0100BFFE00 = {
						CreatedOnToolsVersion = 7.1;
						DevelopmentTeam = 7385PSVS54;
					};
					8B19D26C1BDA7C0100BFFE00 = {
						CreatedOnToolsVersion = 7.1;
						TestTargetID = 8B19D2581BDA7C0100BFFE00;
					};
					8B19D2771BDA7C0100BFFE00 = {
						CreatedOnToolsVersion = 7.1;
						TestTargetID = 8B19D2581BDA7C0100BFFE00;
					};
				};
			};
			buildConfigurationList = 8B19D2541BDA7C0100BFFE00 /* Build configuration list for PBXProject "Meme_final" */;
			compatibilityVersion = "Xcode 3.2";
			developmentRegion = English;
			hasScannedForEncodings = 0;
			knownRegions = (
				en,
				Base,
			);
			mainGroup = 8B19D2501BDA7C0100BFFE00;
			productRefGroup = 8B19D25A1BDA7C0100BFFE00 /* Products */;
			projectDirPath = "";
			projectRoot = "";
			targets = (
				8B19D2581BDA7C0100BFFE00 /* Meme_final */,
				8B19D26C1BDA7C0100BFFE00 /* Meme_finalTests */,
				8B19D2771BDA7C0100BFFE00 /* Meme_finalUITests */,
			);
		};
/* End PBXProject section */

/* Begin PBXResourcesBuildPhase section */
		8B19D2571BDA7C0100BFFE00 /* Resources */ = {
			isa = PBXResourcesBuildPhase;
			buildActionMask = 2147483647;
			files = (
				8B19D2671BDA7C0100BFFE00 /* LaunchScreen.storyboard in Resources */,
				8B19D2641BDA7C0100BFFE00 /* Assets.xcassets in Resources */,
				8B19D2621BDA7C0100BFFE00 /* Main.storyboard in Resources */,
			);
			runOnlyForDeploymentPostprocessing = 0;
		};
		8B19D26B1BDA7C0100BFFE00 /* Resources */ = {
			isa = PBXResourcesBuildPhase;
			buildActionMask = 2147483647;
			files = (
			);
			runOnlyForDeploymentPostprocessing = 0;
		};
		8B19D2761BDA7C0100BFFE00 /* Resources */ = {
			isa = PBXResourcesBuildPhase;
			buildActionMask = 2147483647;
			files = (
			);
			runOnlyForDeploymentPostprocessing = 0;
		};
/* End PBXResourcesBuildPhase section */

/* Begin PBXSourcesBuildPhase section */
		8B19D2551BDA7C0100BFFE00 /* Sources */ = {
			isa = PBXSourcesBuildPhase;
			buildActionMask = 2147483647;
			files = (
				8B19D28B1BDA819000BFFE00 /* Meme.swift in Sources */,
				8B19D25F1BDA7C0100BFFE00 /* MemeEditorViewController.swift in Sources */,
				8B19D28F1BDA81CD00BFFE00 /* MemeCollectionViewController.swift in Sources */,
				8B2BBD241BE7A79300E54D0F /* MemeTableViewCell.swift in Sources */,
				8B19D25D1BDA7C0100BFFE00 /* AppDelegate.swift in Sources */,
				8B19D28D1BDA81A600BFFE00 /* MemeTableViewController.swift in Sources */,
				8B2BBD261BE7AFC900E54D0F /* DetailViewController.swift in Sources */,
			);
			runOnlyForDeploymentPostprocessing = 0;
		};
		8B19D2691BDA7C0100BFFE00 /* Sources */ = {
			isa = PBXSourcesBuildPhase;
			buildActionMask = 2147483647;
			files = (
				8B19D2721BDA7C0100BFFE00 /* Meme_finalTests.swift in Sources */,
			);
			runOnlyForDeploymentPostprocessing = 0;
		};
		8B19D2741BDA7C0100BFFE00 /* Sources */ = {
			isa = PBXSourcesBuildPhase;
			buildActionMask = 2147483647;
			files = (
				8B19D27D1BDA7C0100BFFE00 /* Meme_finalUITests.swift in Sources */,
			);
			runOnlyForDeploymentPostprocessing = 0;
		};
/* End PBXSourcesBuildPhase section */

/* Begin PBXTargetDependency section */
		8B19D26F1BDA7C0100BFFE00 /* PBXTargetDependency */ = {
			isa = PBXTargetDependency;
			target = 8B19D2581BDA7C0100BFFE00 /* Meme_final */;
			targetProxy = 8B19D26E1BDA7C0100BFFE00 /* PBXContainerItemProxy */;
		};
		8B19D27A1BDA7C0100BFFE00 /* PBXTargetDependency */ = {
			isa = PBXTargetDependency;
			target = 8B19D2581BDA7C0100BFFE00 /* Meme_final */;
			targetProxy = 8B19D2791BDA7C0100BFFE00 /* PBXContainerItemProxy */;
		};
/* End PBXTargetDependency section */

/* Begin PBXVariantGroup section */
		8B19D2601BDA7C0100BFFE00 /* Main.storyboard */ = {
			isa = PBXVariantGroup;
			children = (
				8B19D2611BDA7C0100BFFE00 /* Base */,
			);
			name = Main.storyboard;
			sourceTree = "<group>";
		};
		8B19D2651BDA7C0100BFFE00 /* LaunchScreen.storyboard */ = {
			isa = PBXVariantGroup;
			children = (
				8B19D2661BDA7C0100BFFE00 /* Base */,
			);
			name = LaunchScreen.storyboard;
			sourceTree = "<group>";
		};
/* End PBXVariantGroup section */

/* Begin XCBuildConfiguration section */
		8B19D27F1BDA7C0100BFFE00 /* Debug */ = {
			isa = XCBuildConfiguration;
			buildSettings = {
				ALWAYS_SEARCH_USER_PATHS = NO;
				CLANG_CXX_LANGUAGE_STANDARD = "gnu++0x";
				CLANG_CXX_LIBRARY = "libc++";
				CLANG_ENABLE_MODULES = YES;
				CLANG_ENABLE_OBJC_ARC = YES;
				CLANG_WARN_BOOL_CONVERSION = YES;
				CLANG_WARN_CONSTANT_CONVERSION = YES;
				CLANG_WARN_DIRECT_OBJC_ISA_USAGE = YES_ERROR;
				CLANG_WARN_EMPTY_BODY = YES;
				CLANG_WARN_ENUM_CONVERSION = YES;
				CLANG_WARN_INT_CONVERSION = YES;
				CLANG_WARN_OBJC_ROOT_CLASS = YES_ERROR;
				CLANG_WARN_UNREACHABLE_CODE = YES;
				CLANG_WARN__DUPLICATE_METHOD_MATCH = YES;
				"CODE_SIGN_IDENTITY[sdk=iphoneos*]" = "iPhone Developer";
				COPY_PHASE_STRIP = NO;
				DEBUG_INFORMATION_FORMAT = dwarf;
				ENABLE_STRICT_OBJC_MSGSEND = YES;
				ENABLE_TESTABILITY = YES;
				GCC_C_LANGUAGE_STANDARD = gnu99;
				GCC_DYNAMIC_NO_PIC = NO;
				GCC_NO_COMMON_BLOCKS = YES;
				GCC_OPTIMIZATION_LEVEL = 0;
				GCC_PREPROCESSOR_DEFINITIONS = (
					"DEBUG=1",
					"$(inherited)",
				);
				GCC_WARN_64_TO_32_BIT_CONVERSION = YES;
				GCC_WARN_ABOUT_RETURN_TYPE = YES_ERROR;
				GCC_WARN_UNDECLARED_SELECTOR = YES;
				GCC_WARN_UNINITIALIZED_AUTOS = YES_AGGRESSIVE;
				GCC_WARN_UNUSED_FUNCTION = YES;
				GCC_WARN_UNUSED_VARIABLE = YES;
				IPHONEOS_DEPLOYMENT_TARGET = 9.1;
				MTL_ENABLE_DEBUG_INFO = YES;
				ONLY_ACTIVE_ARCH = YES;
				SDKROOT = iphoneos;
				SWIFT_OPTIMIZATION_LEVEL = "-Onone";
				TARGETED_DEVICE_FAMILY = "1,2";
			};
			name = Debug;
		};
		8B19D2801BDA7C0100BFFE00 /* Release */ = {
			isa = XCBuildConfiguration;
			buildSettings = {
				ALWAYS_SEARCH_USER_PATHS = NO;
				CLANG_CXX_LANGUAGE_STANDARD = "gnu++0x";
				CLANG_CXX_LIBRARY = "libc++";
				CLANG_ENABLE_MODULES = YES;
				CLANG_ENABLE_OBJC_ARC = YES;
				CLANG_WARN_BOOL_CONVERSION = YES;
				CLANG_WARN_CONSTANT_CONVERSION = YES;
				CLANG_WARN_DIRECT_OBJC_ISA_USAGE = YES_ERROR;
				CLANG_WARN_EMPTY_BODY = YES;
				CLANG_WARN_ENUM_CONVERSION = YES;
				CLANG_WARN_INT_CONVERSION = YES;
				CLANG_WARN_OBJC_ROOT_CLASS = YES_ERROR;
				CLANG_WARN_UNREACHABLE_CODE = YES;
				CLANG_WARN__DUPLICATE_METHOD_MATCH = YES;
				"CODE_SIGN_IDENTITY[sdk=iphoneos*]" = "iPhone Developer";
				COPY_PHASE_STRIP = NO;
				DEBUG_INFORMATION_FORMAT = "dwarf-with-dsym";
				ENABLE_NS_ASSERTIONS = NO;
				ENABLE_STRICT_OBJC_MSGSEND = YES;
				GCC_C_LANGUAGE_STANDARD = gnu99;
				GCC_NO_COMMON_BLOCKS = YES;
				GCC_WARN_64_TO_32_BIT_CONVERSION = YES;
				GCC_WARN_ABOUT_RETURN_TYPE = YES_ERROR;
				GCC_WARN_UNDECLARED_SELECTOR = YES;
				GCC_WARN_UNINITIALIZED_AUTOS = YES_AGGRESSIVE;
				GCC_WARN_UNUSED_FUNCTION = YES;
				GCC_WARN_UNUSED_VARIABLE = YES;
				IPHONEOS_DEPLOYMENT_TARGET = 9.1;
				MTL_ENABLE_DEBUG_INFO = NO;
				SDKROOT = iphoneos;
				TARGETED_DEVICE_FAMILY = "1,2";
				VALIDATE_PRODUCT = YES;
			};
			name = Release;
		};
		8B19D2821BDA7C0100BFFE00 /* Debug */ = {
			isa = XCBuildConfiguration;
			buildSettings = {
				ASSETCATALOG_COMPILER_APPICON_NAME = AppIcon;
				CODE_SIGN_IDENTITY = "iPhone Developer";
				INFOPLIST_FILE = Meme_final/Info.plist;
				LD_RUNPATH_SEARCH_PATHS = "$(inherited) @executable_path/Frameworks";
				PRODUCT_BUNDLE_IDENTIFIER = "greymatter.Meme-final";
				PRODUCT_NAME = "$(TARGET_NAME)";
			};
			name = Debug;
		};
		8B19D2831BDA7C0100BFFE00 /* Release */ = {
			isa = XCBuildConfiguration;
			buildSettings = {
				ASSETCATALOG_COMPILER_APPICON_NAME = AppIcon;
				CODE_SIGN_IDENTITY = "iPhone Developer";
				INFOPLIST_FILE = Meme_final/Info.plist;
				LD_RUNPATH_SEARCH_PATHS = "$(inherited) @executable_path/Frameworks";
				PRODUCT_BUNDLE_IDENTIFIER = "greymatter.Meme-final";
				PRODUCT_NAME = "$(TARGET_NAME)";
			};
			name = Release;
		};
		8B19D2851BDA7C0100BFFE00 /* Debug */ = {
			isa = XCBuildConfiguration;
			buildSettings = {
				BUNDLE_LOADER = "$(TEST_HOST)";
				INFOPLIST_FILE = Meme_finalTests/Info.plist;
				LD_RUNPATH_SEARCH_PATHS = "$(inherited) @executable_path/Frameworks @loader_path/Frameworks";
				PRODUCT_BUNDLE_IDENTIFIER = "greymatter.Meme-finalTests";
				PRODUCT_NAME = "$(TARGET_NAME)";
				TEST_HOST = "$(BUILT_PRODUCTS_DIR)/Meme_final.app/Meme_final";
			};
			name = Debug;
		};
		8B19D2861BDA7C0100BFFE00 /* Release */ = {
			isa = XCBuildConfiguration;
			buildSettings = {
				BUNDLE_LOADER = "$(TEST_HOST)";
				INFOPLIST_FILE = Meme_finalTests/Info.plist;
				LD_RUNPATH_SEARCH_PATHS = "$(inherited) @executable_path/Frameworks @loader_path/Frameworks";
				PRODUCT_BUNDLE_IDENTIFIER = "greymatter.Meme-finalTests";
				PRODUCT_NAME = "$(TARGET_NAME)";
				TEST_HOST = "$(BUILT_PRODUCTS_DIR)/Meme_final.app/Meme_final";
			};
			name = Release;
		};
		8B19D2881BDA7C0100BFFE00 /* Debug */ = {
			isa = XCBuildConfiguration;
			buildSettings = {
				INFOPLIST_FILE = Meme_finalUITests/Info.plist;
				LD_RUNPATH_SEARCH_PATHS = "$(inherited) @executable_path/Frameworks @loader_path/Frameworks";
				PRODUCT_BUNDLE_IDENTIFIER = "greymatter.Meme-finalUITests";
				PRODUCT_NAME = "$(TARGET_NAME)";
				TEST_TARGET_NAME = Meme_final;
				USES_XCTRUNNER = YES;
			};
			name = Debug;
		};
		8B19D2891BDA7C0100BFFE00 /* Release */ = {
			isa = XCBuildConfiguration;
			buildSettings = {
				INFOPLIST_FILE = Meme_finalUITests/Info.plist;
				LD_RUNPATH_SEARCH_PATHS = "$(inherited) @executable_path/Frameworks @loader_path/Frameworks";
				PRODUCT_BUNDLE_IDENTIFIER = "greymatter.Meme-finalUITests";
				PRODUCT_NAME = "$(TARGET_NAME)";
				TEST_TARGET_NAME = Meme_final;
				USES_XCTRUNNER = YES;
			};
			name = Release;
		};
/* End XCBuildConfiguration section */

/* Begin XCConfigurationList section */
		8B19D2541BDA7C0100BFFE00 /* Build configuration list for PBXProject "Meme_final" */ = {
			isa = XCConfigurationList;
			buildConfigurations = (
				8B19D27F1BDA7C0100BFFE00 /* Debug */,
				8B19D2801BDA7C0100BFFE00 /* Release */,
			);
			defaultConfigurationIsVisible = 0;
			defaultConfigurationName = Release;
		};
		8B19D2811BDA7C0100BFFE00 /* Build configuration list for PBXNativeTarget "Meme_final" */ = {
			isa = XCConfigurationList;
			buildConfigurations = (
				8B19D2821BDA7C0100BFFE00 /* Debug */,
				8B19D2831BDA7C0100BFFE00 /* Release */,
			);
			defaultConfigurationIsVisible = 0;
			defaultConfigurationName = Release;
		};
		8B19D2841BDA7C0100BFFE00 /* Build configuration list for PBXNativeTarget "Meme_finalTests" */ = {
			isa = XCConfigurationList;
			buildConfigurations = (
				8B19D2851BDA7C0100BFFE00 /* Debug */,
				8B19D2861BDA7C0100BFFE00 /* Release */,
			);
			defaultConfigurationIsVisible = 0;
			defaultConfigurationName = Release;
		};
		8B19D2871BDA7C0100BFFE00 /* Build configuration list for PBXNativeTarget "Meme_finalUITests" */ = {
			isa = XCConfigurationList;
			buildConfigurations = (
				8B19D2881BDA7C0100BFFE00 /* Debug */,
				8B19D2891BDA7C0100BFFE00 /* Release */,
			);
			defaultConfigurationIsVisible = 0;
			defaultConfigurationName = Release;
		};
/* End XCConfigurationList section */
	};
	rootObject = 8B19D2511BDA7C0100BFFE00 /* Project object */;
}
